// !$*UTF8*$!
{
	archiveVersion = 1;
	classes = {
	};
	objectVersion = 56;
	objects = {

/* Begin PBXBuildFile section */
		9022CEFA2B341365003674B5 /* LaunchScreen.storyboard in Resources */ = {isa = PBXBuildFile; fileRef = 905947962B1D7D2600CC3CD3 /* LaunchScreen.storyboard */; };
		90396A032B468C1D00021425 /* CoreDataModel.xcdatamodeld in Sources */ = {isa = PBXBuildFile; fileRef = 90396A012B468C1D00021425 /* CoreDataModel.xcdatamodeld */; };
		9054EC322B446FE900760A30 /* DateTableViewCell.swift in Sources */ = {isa = PBXBuildFile; fileRef = 9054EC312B446FE900760A30 /* DateTableViewCell.swift */; };
		905678AB2B4004CF00D74350 /* AddTransactionViewController.swift in Sources */ = {isa = PBXBuildFile; fileRef = 905678AA2B4004CF00D74350 /* AddTransactionViewController.swift */; };
		905678AD2B4004E200D74350 /* AddTransactionViewModel.swift in Sources */ = {isa = PBXBuildFile; fileRef = 905678AC2B4004E200D74350 /* AddTransactionViewModel.swift */; };
		905678AF2B40128B00D74350 /* AddTransactionTableViewCell.swift in Sources */ = {isa = PBXBuildFile; fileRef = 905678AE2B40128B00D74350 /* AddTransactionTableViewCell.swift */; };
		905678B12B4013E600D74350 /* AddCategoryTableViewCell.swift in Sources */ = {isa = PBXBuildFile; fileRef = 905678B02B4013E600D74350 /* AddCategoryTableViewCell.swift */; };
		9059478C2B1D7D2400CC3CD3 /* AppDelegate.swift in Sources */ = {isa = PBXBuildFile; fileRef = 9059478B2B1D7D2400CC3CD3 /* AppDelegate.swift */; };
		905947902B1D7D2400CC3CD3 /* DashboardViewController.swift in Sources */ = {isa = PBXBuildFile; fileRef = 9059478F2B1D7D2400CC3CD3 /* DashboardViewController.swift */; };
		905947952B1D7D2600CC3CD3 /* Assets.xcassets in Resources */ = {isa = PBXBuildFile; fileRef = 905947942B1D7D2600CC3CD3 /* Assets.xcassets */; };
		905947A12B1D7E4400CC3CD3 /* DashboardViewModel.swift in Sources */ = {isa = PBXBuildFile; fileRef = 905947A02B1D7E4400CC3CD3 /* DashboardViewModel.swift */; };
		905947A32B1D83EF00CC3CD3 /* InfoCell.swift in Sources */ = {isa = PBXBuildFile; fileRef = 905947A22B1D83EF00CC3CD3 /* InfoCell.swift */; };
		905947A62B1D848100CC3CD3 /* UITableViewCell+Extensions.swift in Sources */ = {isa = PBXBuildFile; fileRef = 905947A52B1D848100CC3CD3 /* UITableViewCell+Extensions.swift */; };
		905947A82B1D890700CC3CD3 /* MainTabBar.swift in Sources */ = {isa = PBXBuildFile; fileRef = 905947A72B1D890700CC3CD3 /* MainTabBar.swift */; };
		905947AA2B1D8F6400CC3CD3 /* RecentCell.swift in Sources */ = {isa = PBXBuildFile; fileRef = 905947A92B1D8F6400CC3CD3 /* RecentCell.swift */; };
		905947AE2B1D904600CC3CD3 /* HistoryViewController.swift in Sources */ = {isa = PBXBuildFile; fileRef = 905947AD2B1D904600CC3CD3 /* HistoryViewController.swift */; };
		905947B02B1D905900CC3CD3 /* SettingsViewController.swift in Sources */ = {isa = PBXBuildFile; fileRef = 905947AF2B1D905900CC3CD3 /* SettingsViewController.swift */; };
		90750CCC2B222FAC00B9D8F5 /* DetailsCell.swift in Sources */ = {isa = PBXBuildFile; fileRef = 90750CCB2B222FAC00B9D8F5 /* DetailsCell.swift */; };
		909ADE2D2B36B38800E09B6C /* SettingsManager.swift in Sources */ = {isa = PBXBuildFile; fileRef = 909ADE2C2B36B38800E09B6C /* SettingsManager.swift */; };
		90A889B72B48ED12007D5E01 /* CategoriesViewCell.swift in Sources */ = {isa = PBXBuildFile; fileRef = 90A889B62B48ED12007D5E01 /* CategoriesViewCell.swift */; };
		90A889B92B48EF0F007D5E01 /* CategoriesViewController.swift in Sources */ = {isa = PBXBuildFile; fileRef = 90A889B82B48EF0F007D5E01 /* CategoriesViewController.swift */; };
		90B428DE2B317C3A005032B9 /* HistoryCell.swift in Sources */ = {isa = PBXBuildFile; fileRef = 90B428DD2B317C3A005032B9 /* HistoryCell.swift */; };
		90C157C52B25B07700ABDD50 /* FirstSectionSettingsCell.swift in Sources */ = {isa = PBXBuildFile; fileRef = 90C157C42B25B07700ABDD50 /* FirstSectionSettingsCell.swift */; };
		90C157C72B25B0A300ABDD50 /* SecondSectionCell.swift in Sources */ = {isa = PBXBuildFile; fileRef = 90C157C62B25B0A300ABDD50 /* SecondSectionCell.swift */; };
		90C157C92B25B0B600ABDD50 /* ThirdSectionCell.swift in Sources */ = {isa = PBXBuildFile; fileRef = 90C157C82B25B0B600ABDD50 /* ThirdSectionCell.swift */; };
		90C157CB2B25B0C900ABDD50 /* FourthSectionCell.swift in Sources */ = {isa = PBXBuildFile; fileRef = 90C157CA2B25B0C900ABDD50 /* FourthSectionCell.swift */; };
		90C157CD2B25B46100ABDD50 /* SettingsViewModel.swift in Sources */ = {isa = PBXBuildFile; fileRef = 90C157CC2B25B46100ABDD50 /* SettingsViewModel.swift */; };
		90DF81C62B20481300B86B16 /* DetailsViewController.swift in Sources */ = {isa = PBXBuildFile; fileRef = 90DF81C52B20481300B86B16 /* DetailsViewController.swift */; };
		90DF81C92B204BE500B86B16 /* TransactionModel.swift in Sources */ = {isa = PBXBuildFile; fileRef = 90DF81C82B204BE500B86B16 /* TransactionModel.swift */; };
		90E1CE052B4927F2006D7FA1 /* CoreDataConteiner.swift in Sources */ = {isa = PBXBuildFile; fileRef = 90E1CE042B4927F2006D7FA1 /* CoreDataConteiner.swift */; };
		90F243132B4A751C000A8ABB /* TransactionsStore.swift in Sources */ = {isa = PBXBuildFile; fileRef = 90F243122B4A751C000A8ABB /* TransactionsStore.swift */; };
		90F49B8C2B5B9FDF003C0AE0 /* CategoriesStore.swift in Sources */ = {isa = PBXBuildFile; fileRef = 90F49B8B2B5B9FDF003C0AE0 /* CategoriesStore.swift */; };
		90FB23522B26DC8B0060DD5D /* HistoryViewModel.swift in Sources */ = {isa = PBXBuildFile; fileRef = 90FB23512B26DC8B0060DD5D /* HistoryViewModel.swift */; };
/* End PBXBuildFile section */

/* Begin PBXFileReference section */
		9022CEFC2B341409003674B5 /* en */ = {isa = PBXFileReference; lastKnownFileType = text.plist.strings; name = en; path = en.lproj/LaunchScreen.strings; sourceTree = "<group>"; };
		90396A022B468C1D00021425 /* CoreDataModel.xcdatamodel */ = {isa = PBXFileReference; lastKnownFileType = wrapper.xcdatamodel; path = CoreDataModel.xcdatamodel; sourceTree = "<group>"; };
		9054EC312B446FE900760A30 /* DateTableViewCell.swift */ = {isa = PBXFileReference; lastKnownFileType = sourcecode.swift; path = DateTableViewCell.swift; sourceTree = "<group>"; };
		905678AA2B4004CF00D74350 /* AddTransactionViewController.swift */ = {isa = PBXFileReference; lastKnownFileType = sourcecode.swift; path = AddTransactionViewController.swift; sourceTree = "<group>"; };
		905678AC2B4004E200D74350 /* AddTransactionViewModel.swift */ = {isa = PBXFileReference; lastKnownFileType = sourcecode.swift; path = AddTransactionViewModel.swift; sourceTree = "<group>"; };
		905678AE2B40128B00D74350 /* AddTransactionTableViewCell.swift */ = {isa = PBXFileReference; lastKnownFileType = sourcecode.swift; path = AddTransactionTableViewCell.swift; sourceTree = "<group>"; };
		905678B02B4013E600D74350 /* AddCategoryTableViewCell.swift */ = {isa = PBXFileReference; lastKnownFileType = sourcecode.swift; path = AddCategoryTableViewCell.swift; sourceTree = "<group>"; };
		905947882B1D7D2400CC3CD3 /* mvvm-demo2.app */ = {isa = PBXFileReference; explicitFileType = wrapper.application; includeInIndex = 0; path = "mvvm-demo2.app"; sourceTree = BUILT_PRODUCTS_DIR; };
		9059478B2B1D7D2400CC3CD3 /* AppDelegate.swift */ = {isa = PBXFileReference; lastKnownFileType = sourcecode.swift; path = AppDelegate.swift; sourceTree = "<group>"; };
		9059478F2B1D7D2400CC3CD3 /* DashboardViewController.swift */ = {isa = PBXFileReference; lastKnownFileType = sourcecode.swift; path = DashboardViewController.swift; sourceTree = "<group>"; };
		905947942B1D7D2600CC3CD3 /* Assets.xcassets */ = {isa = PBXFileReference; lastKnownFileType = folder.assetcatalog; path = Assets.xcassets; sourceTree = "<group>"; };
		905947972B1D7D2600CC3CD3 /* Base */ = {isa = PBXFileReference; lastKnownFileType = file.storyboard; name = Base; path = Base.lproj/LaunchScreen.storyboard; sourceTree = "<group>"; };
		905947992B1D7D2600CC3CD3 /* Info.plist */ = {isa = PBXFileReference; lastKnownFileType = text.plist.xml; path = Info.plist; sourceTree = "<group>"; };
		905947A02B1D7E4400CC3CD3 /* DashboardViewModel.swift */ = {isa = PBXFileReference; lastKnownFileType = sourcecode.swift; path = DashboardViewModel.swift; sourceTree = "<group>"; };
		905947A22B1D83EF00CC3CD3 /* InfoCell.swift */ = {isa = PBXFileReference; lastKnownFileType = sourcecode.swift; path = InfoCell.swift; sourceTree = "<group>"; };
		905947A52B1D848100CC3CD3 /* UITableViewCell+Extensions.swift */ = {isa = PBXFileReference; lastKnownFileType = sourcecode.swift; path = "UITableViewCell+Extensions.swift"; sourceTree = "<group>"; };
		905947A72B1D890700CC3CD3 /* MainTabBar.swift */ = {isa = PBXFileReference; lastKnownFileType = sourcecode.swift; path = MainTabBar.swift; sourceTree = "<group>"; };
		905947A92B1D8F6400CC3CD3 /* RecentCell.swift */ = {isa = PBXFileReference; lastKnownFileType = sourcecode.swift; path = RecentCell.swift; sourceTree = "<group>"; };
		905947AD2B1D904600CC3CD3 /* HistoryViewController.swift */ = {isa = PBXFileReference; lastKnownFileType = sourcecode.swift; path = HistoryViewController.swift; sourceTree = "<group>"; };
		905947AF2B1D905900CC3CD3 /* SettingsViewController.swift */ = {isa = PBXFileReference; lastKnownFileType = sourcecode.swift; path = SettingsViewController.swift; sourceTree = "<group>"; };
		90750CCB2B222FAC00B9D8F5 /* DetailsCell.swift */ = {isa = PBXFileReference; lastKnownFileType = sourcecode.swift; path = DetailsCell.swift; sourceTree = "<group>"; };
		909ADE2C2B36B38800E09B6C /* SettingsManager.swift */ = {isa = PBXFileReference; lastKnownFileType = sourcecode.swift; path = SettingsManager.swift; sourceTree = "<group>"; };
		90A889B62B48ED12007D5E01 /* CategoriesViewCell.swift */ = {isa = PBXFileReference; lastKnownFileType = sourcecode.swift; path = CategoriesViewCell.swift; sourceTree = "<group>"; };
		90A889B82B48EF0F007D5E01 /* CategoriesViewController.swift */ = {isa = PBXFileReference; lastKnownFileType = sourcecode.swift; path = CategoriesViewController.swift; sourceTree = "<group>"; };
		90B428DD2B317C3A005032B9 /* HistoryCell.swift */ = {isa = PBXFileReference; lastKnownFileType = sourcecode.swift; path = HistoryCell.swift; sourceTree = "<group>"; };
		90C157C42B25B07700ABDD50 /* FirstSectionSettingsCell.swift */ = {isa = PBXFileReference; lastKnownFileType = sourcecode.swift; path = FirstSectionSettingsCell.swift; sourceTree = "<group>"; };
		90C157C62B25B0A300ABDD50 /* SecondSectionCell.swift */ = {isa = PBXFileReference; lastKnownFileType = sourcecode.swift; path = SecondSectionCell.swift; sourceTree = "<group>"; };
		90C157C82B25B0B600ABDD50 /* ThirdSectionCell.swift */ = {isa = PBXFileReference; lastKnownFileType = sourcecode.swift; path = ThirdSectionCell.swift; sourceTree = "<group>"; };
		90C157CA2B25B0C900ABDD50 /* FourthSectionCell.swift */ = {isa = PBXFileReference; lastKnownFileType = sourcecode.swift; path = FourthSectionCell.swift; sourceTree = "<group>"; };
		90C157CC2B25B46100ABDD50 /* SettingsViewModel.swift */ = {isa = PBXFileReference; lastKnownFileType = sourcecode.swift; path = SettingsViewModel.swift; sourceTree = "<group>"; };
		90DF81C52B20481300B86B16 /* DetailsViewController.swift */ = {isa = PBXFileReference; lastKnownFileType = sourcecode.swift; path = DetailsViewController.swift; sourceTree = "<group>"; };
		90DF81C82B204BE500B86B16 /* TransactionModel.swift */ = {isa = PBXFileReference; lastKnownFileType = sourcecode.swift; path = TransactionModel.swift; sourceTree = "<group>"; };
		90E1CE042B4927F2006D7FA1 /* CoreDataConteiner.swift */ = {isa = PBXFileReference; lastKnownFileType = sourcecode.swift; path = CoreDataConteiner.swift; sourceTree = "<group>"; };
		90F243122B4A751C000A8ABB /* TransactionsStore.swift */ = {isa = PBXFileReference; lastKnownFileType = sourcecode.swift; path = TransactionsStore.swift; sourceTree = "<group>"; };
		90F49B8B2B5B9FDF003C0AE0 /* CategoriesStore.swift */ = {isa = PBXFileReference; lastKnownFileType = sourcecode.swift; path = CategoriesStore.swift; sourceTree = "<group>"; };
		90FB23512B26DC8B0060DD5D /* HistoryViewModel.swift */ = {isa = PBXFileReference; lastKnownFileType = sourcecode.swift; path = HistoryViewModel.swift; sourceTree = "<group>"; };
/* End PBXFileReference section */

/* Begin PBXFrameworksBuildPhase section */
		905947852B1D7D2400CC3CD3 /* Frameworks */ = {
			isa = PBXFrameworksBuildPhase;
			buildActionMask = 2147483647;
			files = (
			);
			runOnlyForDeploymentPostprocessing = 0;
		};
/* End PBXFrameworksBuildPhase section */

/* Begin PBXGroup section */
		905678A92B40049E00D74350 /* AddTransaction */ = {
			isa = PBXGroup;
			children = (
				905678AA2B4004CF00D74350 /* AddTransactionViewController.swift */,
				905678AC2B4004E200D74350 /* AddTransactionViewModel.swift */,
				905678AE2B40128B00D74350 /* AddTransactionTableViewCell.swift */,
				9054EC312B446FE900760A30 /* DateTableViewCell.swift */,
				905678B02B4013E600D74350 /* AddCategoryTableViewCell.swift */,
			);
			path = AddTransaction;
			sourceTree = "<group>";
		};
		9059477F2B1D7D2400CC3CD3 = {
			isa = PBXGroup;
			children = (
				9059478B2B1D7D2400CC3CD3 /* AppDelegate.swift */,
				90A889B52B48ECE2007D5E01 /* Categories */,
				90E1CE032B492544006D7FA1 /* CoreData */,
				905678A92B40049E00D74350 /* AddTransaction */,
				90FB23502B26DC540060DD5D /* MainTabBar */,
				90DF81C72B204B7000B86B16 /* Models */,
				90DF81C42B2047FD00B86B16 /* Details */,
				905947AC2B1D8F8800CC3CD3 /* Settings */,
				905947AB2B1D8F7E00CC3CD3 /* History */,
				9059479F2B1D7E2B00CC3CD3 /* Dashboard */,
				905947A42B1D845C00CC3CD3 /* Extensions */,
				905947942B1D7D2600CC3CD3 /* Assets.xcassets */,
				905947962B1D7D2600CC3CD3 /* LaunchScreen.storyboard */,
				905947992B1D7D2600CC3CD3 /* Info.plist */,
				905947892B1D7D2400CC3CD3 /* Products */,
			);
			sourceTree = "<group>";
		};
		905947892B1D7D2400CC3CD3 /* Products */ = {
			isa = PBXGroup;
			children = (
				905947882B1D7D2400CC3CD3 /* mvvm-demo2.app */,
			);
			name = Products;
			sourceTree = "<group>";
		};
		9059479F2B1D7E2B00CC3CD3 /* Dashboard */ = {
			isa = PBXGroup;
			children = (
				9059478F2B1D7D2400CC3CD3 /* DashboardViewController.swift */,
				905947A02B1D7E4400CC3CD3 /* DashboardViewModel.swift */,
				905947A22B1D83EF00CC3CD3 /* InfoCell.swift */,
				905947A92B1D8F6400CC3CD3 /* RecentCell.swift */,
			);
			path = Dashboard;
			sourceTree = "<group>";
		};
		905947A42B1D845C00CC3CD3 /* Extensions */ = {
			isa = PBXGroup;
			children = (
				905947A52B1D848100CC3CD3 /* UITableViewCell+Extensions.swift */,
			);
			path = Extensions;
			sourceTree = "<group>";
		};
		905947AB2B1D8F7E00CC3CD3 /* History */ = {
			isa = PBXGroup;
			children = (
				905947AD2B1D904600CC3CD3 /* HistoryViewController.swift */,
				90FB23512B26DC8B0060DD5D /* HistoryViewModel.swift */,
				90B428DD2B317C3A005032B9 /* HistoryCell.swift */,
			);
			path = History;
			sourceTree = "<group>";
		};
		905947AC2B1D8F8800CC3CD3 /* Settings */ = {
			isa = PBXGroup;
			children = (
				905947AF2B1D905900CC3CD3 /* SettingsViewController.swift */,
				90C157CC2B25B46100ABDD50 /* SettingsViewModel.swift */,
				90C157C42B25B07700ABDD50 /* FirstSectionSettingsCell.swift */,
				90C157C62B25B0A300ABDD50 /* SecondSectionCell.swift */,
				90C157C82B25B0B600ABDD50 /* ThirdSectionCell.swift */,
				90C157CA2B25B0C900ABDD50 /* FourthSectionCell.swift */,
			);
			path = Settings;
			sourceTree = "<group>";
		};
		90A889B52B48ECE2007D5E01 /* Categories */ = {
			isa = PBXGroup;
			children = (
				90A889B62B48ED12007D5E01 /* CategoriesViewCell.swift */,
				90A889B82B48EF0F007D5E01 /* CategoriesViewController.swift */,
			);
			path = Categories;
			sourceTree = "<group>";
		};
		90DF81C42B2047FD00B86B16 /* Details */ = {
			isa = PBXGroup;
			children = (
				90DF81C52B20481300B86B16 /* DetailsViewController.swift */,
				90750CCB2B222FAC00B9D8F5 /* DetailsCell.swift */,
			);
			path = Details;
			sourceTree = "<group>";
		};
		90DF81C72B204B7000B86B16 /* Models */ = {
			isa = PBXGroup;
			children = (
				90DF81C82B204BE500B86B16 /* TransactionModel.swift */,
				909ADE2C2B36B38800E09B6C /* SettingsManager.swift */,
			);
			path = Models;
			sourceTree = "<group>";
		};
		90E1CE032B492544006D7FA1 /* CoreData */ = {
			isa = PBXGroup;
			children = (
				90E1CE042B4927F2006D7FA1 /* CoreDataConteiner.swift */,
				90396A012B468C1D00021425 /* CoreDataModel.xcdatamodeld */,
				90F243122B4A751C000A8ABB /* TransactionsStore.swift */,
				90F49B8B2B5B9FDF003C0AE0 /* CategoriesStore.swift */,
			);
			path = CoreData;
			sourceTree = "<group>";
		};
		90FB23502B26DC540060DD5D /* MainTabBar */ = {
			isa = PBXGroup;
			children = (
				905947A72B1D890700CC3CD3 /* MainTabBar.swift */,
			);
			path = MainTabBar;
			sourceTree = "<group>";
		};
/* End PBXGroup section */

/* Begin PBXNativeTarget section */
		905947872B1D7D2400CC3CD3 /* mvvm-demo2 */ = {
			isa = PBXNativeTarget;
			buildConfigurationList = 9059479C2B1D7D2600CC3CD3 /* Build configuration list for PBXNativeTarget "mvvm-demo2" */;
			buildPhases = (
				905947842B1D7D2400CC3CD3 /* Sources */,
				905947852B1D7D2400CC3CD3 /* Frameworks */,
				905947862B1D7D2400CC3CD3 /* Resources */,
			);
			buildRules = (
			);
			dependencies = (
			);
			name = "mvvm-demo2";
			productName = "mvvm-demo2";
			productReference = 905947882B1D7D2400CC3CD3 /* mvvm-demo2.app */;
			productType = "com.apple.product-type.application";
		};
/* End PBXNativeTarget section */

/* Begin PBXProject section */
		905947802B1D7D2400CC3CD3 /* Project object */ = {
			isa = PBXProject;
			attributes = {
				BuildIndependentTargetsInParallel = 1;
				LastSwiftUpdateCheck = 1500;
				LastUpgradeCheck = 1500;
				TargetAttributes = {
					905947872B1D7D2400CC3CD3 = {
						CreatedOnToolsVersion = 15.0.1;
					};
				};
			};
			buildConfigurationList = 905947832B1D7D2400CC3CD3 /* Build configuration list for PBXProject "mvvm-demo2" */;
			compatibilityVersion = "Xcode 14.0";
			developmentRegion = en;
			hasScannedForEncodings = 0;
			knownRegions = (
				en,
				Base,
			);
			mainGroup = 9059477F2B1D7D2400CC3CD3;
			productRefGroup = 905947892B1D7D2400CC3CD3 /* Products */;
			projectDirPath = "";
			projectRoot = "";
			targets = (
				905947872B1D7D2400CC3CD3 /* mvvm-demo2 */,
			);
		};
/* End PBXProject section */

/* Begin PBXResourcesBuildPhase section */
		905947862B1D7D2400CC3CD3 /* Resources */ = {
			isa = PBXResourcesBuildPhase;
			buildActionMask = 2147483647;
			files = (
				905947952B1D7D2600CC3CD3 /* Assets.xcassets in Resources */,
				9022CEFA2B341365003674B5 /* LaunchScreen.storyboard in Resources */,
			);
			runOnlyForDeploymentPostprocessing = 0;
		};
/* End PBXResourcesBuildPhase section */

/* Begin PBXSourcesBuildPhase section */
		905947842B1D7D2400CC3CD3 /* Sources */ = {
			isa = PBXSourcesBuildPhase;
			buildActionMask = 2147483647;
			files = (
				90C157C52B25B07700ABDD50 /* FirstSectionSettingsCell.swift in Sources */,
				905678AF2B40128B00D74350 /* AddTransactionTableViewCell.swift in Sources */,
				90FB23522B26DC8B0060DD5D /* HistoryViewModel.swift in Sources */,
				90F243132B4A751C000A8ABB /* TransactionsStore.swift in Sources */,
				905678B12B4013E600D74350 /* AddCategoryTableViewCell.swift in Sources */,
				90C157C72B25B0A300ABDD50 /* SecondSectionCell.swift in Sources */,
				90A889B92B48EF0F007D5E01 /* CategoriesViewController.swift in Sources */,
				905947A82B1D890700CC3CD3 /* MainTabBar.swift in Sources */,
				90C157C92B25B0B600ABDD50 /* ThirdSectionCell.swift in Sources */,
				90E1CE052B4927F2006D7FA1 /* CoreDataConteiner.swift in Sources */,
				905678AD2B4004E200D74350 /* AddTransactionViewModel.swift in Sources */,
				90DF81C92B204BE500B86B16 /* TransactionModel.swift in Sources */,
				905947A12B1D7E4400CC3CD3 /* DashboardViewModel.swift in Sources */,
				905947A32B1D83EF00CC3CD3 /* InfoCell.swift in Sources */,
				905947902B1D7D2400CC3CD3 /* DashboardViewController.swift in Sources */,
				90A889B72B48ED12007D5E01 /* CategoriesViewCell.swift in Sources */,
				90C157CD2B25B46100ABDD50 /* SettingsViewModel.swift in Sources */,
				905947A62B1D848100CC3CD3 /* UITableViewCell+Extensions.swift in Sources */,
				90B428DE2B317C3A005032B9 /* HistoryCell.swift in Sources */,
				905678AB2B4004CF00D74350 /* AddTransactionViewController.swift in Sources */,
				90396A032B468C1D00021425 /* CoreDataModel.xcdatamodeld in Sources */,
				90750CCC2B222FAC00B9D8F5 /* DetailsCell.swift in Sources */,
				905947AA2B1D8F6400CC3CD3 /* RecentCell.swift in Sources */,
				9059478C2B1D7D2400CC3CD3 /* AppDelegate.swift in Sources */,
				905947AE2B1D904600CC3CD3 /* HistoryViewController.swift in Sources */,
				90F49B8C2B5B9FDF003C0AE0 /* CategoriesStore.swift in Sources */,
				9054EC322B446FE900760A30 /* DateTableViewCell.swift in Sources */,
				909ADE2D2B36B38800E09B6C /* SettingsManager.swift in Sources */,
				905947B02B1D905900CC3CD3 /* SettingsViewController.swift in Sources */,
				90DF81C62B20481300B86B16 /* DetailsViewController.swift in Sources */,
				90C157CB2B25B0C900ABDD50 /* FourthSectionCell.swift in Sources */,
			);
			runOnlyForDeploymentPostprocessing = 0;
		};
/* End PBXSourcesBuildPhase section */

/* Begin PBXVariantGroup section */
		905947962B1D7D2600CC3CD3 /* LaunchScreen.storyboard */ = {
			isa = PBXVariantGroup;
			children = (
				905947972B1D7D2600CC3CD3 /* Base */,
				9022CEFC2B341409003674B5 /* en */,
			);
			name = LaunchScreen.storyboard;
			sourceTree = "<group>";
		};
/* End PBXVariantGroup section */

/* Begin XCBuildConfiguration section */
		9059479A2B1D7D2600CC3CD3 /* Debug */ = {
			isa = XCBuildConfiguration;
			buildSettings = {
				ALWAYS_SEARCH_USER_PATHS = NO;
				ASSETCATALOG_COMPILER_GENERATE_SWIFT_ASSET_SYMBOL_EXTENSIONS = YES;
				CLANG_ANALYZER_NONNULL = YES;
				CLANG_ANALYZER_NUMBER_OBJECT_CONVERSION = YES_AGGRESSIVE;
				CLANG_CXX_LANGUAGE_STANDARD = "gnu++20";
				CLANG_ENABLE_MODULES = YES;
				CLANG_ENABLE_OBJC_ARC = YES;
				CLANG_ENABLE_OBJC_WEAK = YES;
				CLANG_WARN_BLOCK_CAPTURE_AUTORELEASING = YES;
				CLANG_WARN_BOOL_CONVERSION = YES;
				CLANG_WARN_COMMA = YES;
				CLANG_WARN_CONSTANT_CONVERSION = YES;
				CLANG_WARN_DEPRECATED_OBJC_IMPLEMENTATIONS = YES;
				CLANG_WARN_DIRECT_OBJC_ISA_USAGE = YES_ERROR;
				CLANG_WARN_DOCUMENTATION_COMMENTS = YES;
				CLANG_WARN_EMPTY_BODY = YES;
				CLANG_WARN_ENUM_CONVERSION = YES;
				CLANG_WARN_INFINITE_RECURSION = YES;
				CLANG_WARN_INT_CONVERSION = YES;
				CLANG_WARN_NON_LITERAL_NULL_CONVERSION = YES;
				CLANG_WARN_OBJC_IMPLICIT_RETAIN_SELF = YES;
				CLANG_WARN_OBJC_LITERAL_CONVERSION = YES;
				CLANG_WARN_OBJC_ROOT_CLASS = YES_ERROR;
				CLANG_WARN_QUOTED_INCLUDE_IN_FRAMEWORK_HEADER = YES;
				CLANG_WARN_RANGE_LOOP_ANALYSIS = YES;
				CLANG_WARN_STRICT_PROTOTYPES = YES;
				CLANG_WARN_SUSPICIOUS_MOVE = YES;
				CLANG_WARN_UNGUARDED_AVAILABILITY = YES_AGGRESSIVE;
				CLANG_WARN_UNREACHABLE_CODE = YES;
				CLANG_WARN__DUPLICATE_METHOD_MATCH = YES;
				COPY_PHASE_STRIP = NO;
				DEBUG_INFORMATION_FORMAT = dwarf;
				ENABLE_STRICT_OBJC_MSGSEND = YES;
				ENABLE_TESTABILITY = YES;
				ENABLE_USER_SCRIPT_SANDBOXING = YES;
				GCC_C_LANGUAGE_STANDARD = gnu17;
				GCC_DYNAMIC_NO_PIC = NO;
				GCC_NO_COMMON_BLOCKS = YES;
				GCC_OPTIMIZATION_LEVEL = 0;
				GCC_PREPROCESSOR_DEFINITIONS = (
					"DEBUG=1",
					"$(inherited)",
				);
				GCC_WARN_64_TO_32_BIT_CONVERSION = YES;
				GCC_WARN_ABOUT_RETURN_TYPE = YES_ERROR;
				GCC_WARN_UNDECLARED_SELECTOR = YES;
				GCC_WARN_UNINITIALIZED_AUTOS = YES_AGGRESSIVE;
				GCC_WARN_UNUSED_FUNCTION = YES;
				GCC_WARN_UNUSED_VARIABLE = YES;
				IPHONEOS_DEPLOYMENT_TARGET = 17.0;
				LOCALIZATION_PREFERS_STRING_CATALOGS = YES;
				MTL_ENABLE_DEBUG_INFO = INCLUDE_SOURCE;
				MTL_FAST_MATH = YES;
				ONLY_ACTIVE_ARCH = YES;
				SDKROOT = iphoneos;
				SWIFT_ACTIVE_COMPILATION_CONDITIONS = "DEBUG $(inherited)";
				SWIFT_OPTIMIZATION_LEVEL = "-Onone";
			};
			name = Debug;
		};
		9059479B2B1D7D2600CC3CD3 /* Release */ = {
			isa = XCBuildConfiguration;
			buildSettings = {
				ALWAYS_SEARCH_USER_PATHS = NO;
				ASSETCATALOG_COMPILER_GENERATE_SWIFT_ASSET_SYMBOL_EXTENSIONS = YES;
				CLANG_ANALYZER_NONNULL = YES;
				CLANG_ANALYZER_NUMBER_OBJECT_CONVERSION = YES_AGGRESSIVE;
				CLANG_CXX_LANGUAGE_STANDARD = "gnu++20";
				CLANG_ENABLE_MODULES = YES;
				CLANG_ENABLE_OBJC_ARC = YES;
				CLANG_ENABLE_OBJC_WEAK = YES;
				CLANG_WARN_BLOCK_CAPTURE_AUTORELEASING = YES;
				CLANG_WARN_BOOL_CONVERSION = YES;
				CLANG_WARN_COMMA = YES;
				CLANG_WARN_CONSTANT_CONVERSION = YES;
				CLANG_WARN_DEPRECATED_OBJC_IMPLEMENTATIONS = YES;
				CLANG_WARN_DIRECT_OBJC_ISA_USAGE = YES_ERROR;
				CLANG_WARN_DOCUMENTATION_COMMENTS = YES;
				CLANG_WARN_EMPTY_BODY = YES;
				CLANG_WARN_ENUM_CONVERSION = YES;
				CLANG_WARN_INFINITE_RECURSION = YES;
				CLANG_WARN_INT_CONVERSION = YES;
				CLANG_WARN_NON_LITERAL_NULL_CONVERSION = YES;
				CLANG_WARN_OBJC_IMPLICIT_RETAIN_SELF = YES;
				CLANG_WARN_OBJC_LITERAL_CONVERSION = YES;
				CLANG_WARN_OBJC_ROOT_CLASS = YES_ERROR;
				CLANG_WARN_QUOTED_INCLUDE_IN_FRAMEWORK_HEADER = YES;
				CLANG_WARN_RANGE_LOOP_ANALYSIS = YES;
				CLANG_WARN_STRICT_PROTOTYPES = YES;
				CLANG_WARN_SUSPICIOUS_MOVE = YES;
				CLANG_WARN_UNGUARDED_AVAILABILITY = YES_AGGRESSIVE;
				CLANG_WARN_UNREACHABLE_CODE = YES;
				CLANG_WARN__DUPLICATE_METHOD_MATCH = YES;
				COPY_PHASE_STRIP = NO;
				DEBUG_INFORMATION_FORMAT = "dwarf-with-dsym";
				ENABLE_NS_ASSERTIONS = NO;
				ENABLE_STRICT_OBJC_MSGSEND = YES;
				ENABLE_USER_SCRIPT_SANDBOXING = YES;
				GCC_C_LANGUAGE_STANDARD = gnu17;
				GCC_NO_COMMON_BLOCKS = YES;
				GCC_WARN_64_TO_32_BIT_CONVERSION = YES;
				GCC_WARN_ABOUT_RETURN_TYPE = YES_ERROR;
				GCC_WARN_UNDECLARED_SELECTOR = YES;
				GCC_WARN_UNINITIALIZED_AUTOS = YES_AGGRESSIVE;
				GCC_WARN_UNUSED_FUNCTION = YES;
				GCC_WARN_UNUSED_VARIABLE = YES;
				IPHONEOS_DEPLOYMENT_TARGET = 17.0;
				LOCALIZATION_PREFERS_STRING_CATALOGS = YES;
				MTL_ENABLE_DEBUG_INFO = NO;
				MTL_FAST_MATH = YES;
				SDKROOT = iphoneos;
				SWIFT_COMPILATION_MODE = wholemodule;
				VALIDATE_PRODUCT = YES;
			};
			name = Release;
		};
		9059479D2B1D7D2600CC3CD3 /* Debug */ = {
			isa = XCBuildConfiguration;
			buildSettings = {
				ASSETCATALOG_COMPILER_APPICON_NAME = AppIcon;
				ASSETCATALOG_COMPILER_GLOBAL_ACCENT_COLOR_NAME = AccentColor;
				CODE_SIGN_STYLE = Automatic;
				CURRENT_PROJECT_VERSION = 1;
				GENERATE_INFOPLIST_FILE = YES;
				INFOPLIST_FILE = Info.plist;
				INFOPLIST_KEY_UIApplicationSupportsIndirectInputEvents = YES;
				INFOPLIST_KEY_UILaunchStoryboardName = LaunchScreen;
				INFOPLIST_KEY_UISupportedInterfaceOrientations_iPad = "UIInterfaceOrientationPortrait UIInterfaceOrientationPortraitUpsideDown UIInterfaceOrientationLandscapeLeft UIInterfaceOrientationLandscapeRight";
				INFOPLIST_KEY_UISupportedInterfaceOrientations_iPhone = "UIInterfaceOrientationPortrait UIInterfaceOrientationLandscapeLeft UIInterfaceOrientationLandscapeRight";
				LD_RUNPATH_SEARCH_PATHS = (
					"$(inherited)",
					"@executable_path/Frameworks",
				);
				MARKETING_VERSION = 1.0;
				PRODUCT_BUNDLE_IDENTIFIER = "ru.AntonEliseev.mvvm-demo2";
				PRODUCT_NAME = "$(TARGET_NAME)";
				SWIFT_EMIT_LOC_STRINGS = YES;
				SWIFT_VERSION = 5.0;
				TARGETED_DEVICE_FAMILY = "1,2";
			};
			name = Debug;
		};
		9059479E2B1D7D2600CC3CD3 /* Release */ = {
			isa = XCBuildConfiguration;
			buildSettings = {
				ASSETCATALOG_COMPILER_APPICON_NAME = AppIcon;
				ASSETCATALOG_COMPILER_GLOBAL_ACCENT_COLOR_NAME = AccentColor;
				CODE_SIGN_STYLE = Automatic;
				CURRENT_PROJECT_VERSION = 1;
				GENERATE_INFOPLIST_FILE = YES;
				INFOPLIST_FILE = Info.plist;
				INFOPLIST_KEY_UIApplicationSupportsIndirectInputEvents = YES;
				INFOPLIST_KEY_UILaunchStoryboardName = LaunchScreen;
				INFOPLIST_KEY_UISupportedInterfaceOrientations_iPad = "UIInterfaceOrientationPortrait UIInterfaceOrientationPortraitUpsideDown UIInterfaceOrientationLandscapeLeft UIInterfaceOrientationLandscapeRight";
				INFOPLIST_KEY_UISupportedInterfaceOrientations_iPhone = "UIInterfaceOrientationPortrait UIInterfaceOrientationLandscapeLeft UIInterfaceOrientationLandscapeRight";
				LD_RUNPATH_SEARCH_PATHS = (
					"$(inherited)",
					"@executable_path/Frameworks",
				);
				MARKETING_VERSION = 1.0;
				PRODUCT_BUNDLE_IDENTIFIER = "ru.AntonEliseev.mvvm-demo2";
				PRODUCT_NAME = "$(TARGET_NAME)";
				SWIFT_EMIT_LOC_STRINGS = YES;
				SWIFT_VERSION = 5.0;
				TARGETED_DEVICE_FAMILY = "1,2";
			};
			name = Release;
		};
/* End XCBuildConfiguration section */

/* Begin XCConfigurationList section */
		905947832B1D7D2400CC3CD3 /* Build configuration list for PBXProject "mvvm-demo2" */ = {
			isa = XCConfigurationList;
			buildConfigurations = (
				9059479A2B1D7D2600CC3CD3 /* Debug */,
				9059479B2B1D7D2600CC3CD3 /* Release */,
			);
			defaultConfigurationIsVisible = 0;
			defaultConfigurationName = Release;
		};
		9059479C2B1D7D2600CC3CD3 /* Build configuration list for PBXNativeTarget "mvvm-demo2" */ = {
			isa = XCConfigurationList;
			buildConfigurations = (
				9059479D2B1D7D2600CC3CD3 /* Debug */,
				9059479E2B1D7D2600CC3CD3 /* Release */,
			);
			defaultConfigurationIsVisible = 0;
			defaultConfigurationName = Release;
		};
/* End XCConfigurationList section */

/* Begin XCVersionGroup section */
		90396A012B468C1D00021425 /* CoreDataModel.xcdatamodeld */ = {
			isa = XCVersionGroup;
			children = (
				90396A022B468C1D00021425 /* CoreDataModel.xcdatamodel */,
			);
			currentVersion = 90396A022B468C1D00021425 /* CoreDataModel.xcdatamodel */;
			path = CoreDataModel.xcdatamodeld;
			sourceTree = "<group>";
			versionGroupType = wrapper.xcdatamodel;
		};
/* End XCVersionGroup section */
	};
	rootObject = 905947802B1D7D2400CC3CD3 /* Project object */;
}
